
Microsoft Visual Studio Solution File, Format Version 12.00
# Visual Studio Version 17
VisualStudioVersion = 17.2.32616.157
MinimumVisualStudioVersion = 10.0.40219.1
Project("{FAE04EC0-301F-11D3-BF4B-00C04F79EFBC}") = "AddressBook.NET_2", "AddressBook.NET_2\AddressBook.NET_2.csproj", "{9245C963-EDD2-46C1-A007-B5BC7F00DE79}"
EndProject
Global
	GlobalSection(SolutionConfigurationPlatforms) = preSolution
		Debug|Any CPU = Debug|Any CPU
		Release|Any CPU = Release|Any CPU
	EndGlobalSection
	GlobalSection(ProjectConfigurationPlatforms) = postSolution
		{9245C963-EDD2-46C1-A007-B5BC7F00DE79}.Debug|Any CPU.ActiveCfg = Debug|Any CPU
		{9245C963-EDD2-46C1-A007-B5BC7F00DE79}.Debug|Any CPU.Build.0 = Debug|Any CPU
		{9245C963-EDD2-46C1-A007-B5BC7F00DE79}.Release|Any CPU.ActiveCfg = Release|Any CPU
		{9245C963-EDD2-46C1-A007-B5BC7F00DE79}.Release|Any CPU.Build.0 = Release|Any CPU
	EndGlobalSection
	GlobalSection(SolutionProperties) = preSolution
		HideSolutionNode = FALSE
	EndGlobalSection
	GlobalSection(ExtensibilityGlobals) = postSolution
		SolutionGuid = {C6536E2B-BFA4-4E75-9CFD-F57FDDE8E7BC}
	EndGlobalSection
EndGlobal
